
Microsoft Visual Studio Solution File, Format Version 12.00
Project("{FAE04EC0-301F-11D3-BF4B-00C04F79EFBC}") = "SimpleNumbersThreads", "SimpleNumbersThreads.csproj", "{DA05294F-7F6A-437C-815F-13244B1B6167}"
EndProject
Global
	GlobalSection(SolutionConfigurationPlatforms) = preSolution
		Debug|Any CPU = Debug|Any CPU
		Release|Any CPU = Release|Any CPU
	EndGlobalSection
	GlobalSection(ProjectConfigurationPlatforms) = postSolution
		{DA05294F-7F6A-437C-815F-13244B1B6167}.Debug|Any CPU.ActiveCfg = Debug|Any CPU
		{DA05294F-7F6A-437C-815F-13244B1B6167}.Debug|Any CPU.Build.0 = Debug|Any CPU
		{DA05294F-7F6A-437C-815F-13244B1B6167}.Release|Any CPU.ActiveCfg = Release|Any CPU
		{DA05294F-7F6A-437C-815F-13244B1B6167}.Release|Any CPU.Build.0 = Release|Any CPU
	EndGlobalSection
EndGlobal
